
Microsoft Visual Studio Solution File, Format Version 12.00
# Visual Studio Version 17
VisualStudioVersion = 17.11.35312.102
MinimumVisualStudioVersion = 10.0.40219.1
Project("{FAE04EC0-301F-11D3-BF4B-00C04F79EFBC}") = "DZ_Lesson_18_Tuples", "DZ_Lesson_18_Tuples\DZ_Lesson_18_Tuples.csproj", "{3E01045A-DD2A-46CB-B5ED-FBAFEDE4198C}"
EndProject
Global
	GlobalSection(SolutionConfigurationPlatforms) = preSolution
		Debug|Any CPU = Debug|Any CPU
		Release|Any CPU = Release|Any CPU
	EndGlobalSection
	GlobalSection(ProjectConfigurationPlatforms) = postSolution
		{3E01045A-DD2A-46CB-B5ED-FBAFEDE4198C}.Debug|Any CPU.ActiveCfg = Debug|Any CPU
		{3E01045A-DD2A-46CB-B5ED-FBAFEDE4198C}.Debug|Any CPU.Build.0 = Debug|Any CPU
		{3E01045A-DD2A-46CB-B5ED-FBAFEDE4198C}.Release|Any CPU.ActiveCfg = Release|Any CPU
		{3E01045A-DD2A-46CB-B5ED-FBAFEDE4198C}.Release|Any CPU.Build.0 = Release|Any CPU
	EndGlobalSection
	GlobalSection(SolutionProperties) = preSolution
		HideSolutionNode = FALSE
	EndGlobalSection
	GlobalSection(ExtensibilityGlobals) = postSolution
		SolutionGuid = {49CEB388-945E-4B59-B7EA-3D347234D425}
	EndGlobalSection
EndGlobal
